
Microsoft Visual Studio Solution File, Format Version 12.00
# Visual Studio Version 17
VisualStudioVersion = 17.5.33424.131
MinimumVisualStudioVersion = 10.0.40219.1
Project("{FAE04EC0-301F-11D3-BF4B-00C04F79EFBC}") = "ClienteMVC", "ClienteMVC\ClienteMVC.csproj", "{41C3772B-6222-4626-8889-96B012F8493F}"
EndProject
Global
	GlobalSection(SolutionConfigurationPlatforms) = preSolution
		Debug|Any CPU = Debug|Any CPU
		Release|Any CPU = Release|Any CPU
	EndGlobalSection
	GlobalSection(ProjectConfigurationPlatforms) = postSolution
		{41C3772B-6222-4626-8889-96B012F8493F}.Debug|Any CPU.ActiveCfg = Debug|Any CPU
		{41C3772B-6222-4626-8889-96B012F8493F}.Debug|Any CPU.Build.0 = Debug|Any CPU
		{41C3772B-6222-4626-8889-96B012F8493F}.Release|Any CPU.ActiveCfg = Release|Any CPU
		{41C3772B-6222-4626-8889-96B012F8493F}.Release|Any CPU.Build.0 = Release|Any CPU
	EndGlobalSection
	GlobalSection(SolutionProperties) = preSolution
		HideSolutionNode = FALSE
	EndGlobalSection
	GlobalSection(ExtensibilityGlobals) = postSolution
		SolutionGuid = {8CC2937C-8946-43D7-91EF-2CA07AE244D8}
	EndGlobalSection
EndGlobal
